
Microsoft Visual Studio Solution File, Format Version 12.00
# Visual Studio Version 16
VisualStudioVersion = 16.0.30717.126
MinimumVisualStudioVersion = 10.0.40219.1
Project("{FAE04EC0-301F-11D3-BF4B-00C04F79EFBC}") = "NoitaMod", "NoitaMod\NoitaMod.csproj", "{8BCC6AA0-DEF9-49C7-ACC3-B46BC85DD15A}"
	ProjectSection(ProjectDependencies) = postProject
		{C4CDC016-791A-49CC-BFC2-A8744821BF13} = {C4CDC016-791A-49CC-BFC2-A8744821BF13}
	EndProjectSection
EndProject
Project("{FAE04EC0-301F-11D3-BF4B-00C04F79EFBC}") = "NoitaMod.Core", "NoitaMod.Core\NoitaMod.Core.csproj", "{C4CDC016-791A-49CC-BFC2-A8744821BF13}"
EndProject
Project("{FAE04EC0-301F-11D3-BF4B-00C04F79EFBC}") = "NoitaMod.Memory", "NoitaMod.Memory\NoitaMod.Memory.csproj", "{7718E8E1-F902-4A04-AE79-9DD052C9F0A6}"
EndProject
Project("{FAE04EC0-301F-11D3-BF4B-00C04F79EFBC}") = "NoitaMod.Log", "NoitaMod.Log\NoitaMod.Log.csproj", "{0D39AA0A-2729-4570-9B4C-0B60D9854AFA}"
EndProject
Project("{FAE04EC0-301F-11D3-BF4B-00C04F79EFBC}") = "NoitaMod.Plugin", "NoitaMod.Plugin\NoitaMod.Plugin.csproj", "{FCBBF9BC-204D-4DBB-B9EF-5ADA9399479A}"
	ProjectSection(ProjectDependencies) = postProject
		{53093AE1-9EC0-4811-BBD2-125A51BF852A} = {53093AE1-9EC0-4811-BBD2-125A51BF852A}
	EndProjectSection
EndProject
Project("{FAE04EC0-301F-11D3-BF4B-00C04F79EFBC}") = "NoitaMod.Util", "NoitaMod.Util\NoitaMod.Util.csproj", "{53093AE1-9EC0-4811-BBD2-125A51BF852A}"
EndProject
Project("{FAE04EC0-301F-11D3-BF4B-00C04F79EFBC}") = "NoitaMod.Common", "NoitaMod.Common\NoitaMod.Common.csproj", "{5817D246-5F8E-4C71-BC26-1853CFE44F49}"
EndProject
Global
	GlobalSection(SolutionConfigurationPlatforms) = preSolution
		Debug|Any CPU = Debug|Any CPU
		Debug|x64 = Debug|x64
		Debug|x86 = Debug|x86
		Release|Any CPU = Release|Any CPU
		Release|x64 = Release|x64
		Release|x86 = Release|x86
	EndGlobalSection
	GlobalSection(ProjectConfigurationPlatforms) = postSolution
		{8BCC6AA0-DEF9-49C7-ACC3-B46BC85DD15A}.Debug|Any CPU.ActiveCfg = Debug|Any CPU
		{8BCC6AA0-DEF9-49C7-ACC3-B46BC85DD15A}.Debug|Any CPU.Build.0 = Debug|Any CPU
		{8BCC6AA0-DEF9-49C7-ACC3-B46BC85DD15A}.Debug|x64.ActiveCfg = Debug|x64
		{8BCC6AA0-DEF9-49C7-ACC3-B46BC85DD15A}.Debug|x64.Build.0 = Debug|x64
		{8BCC6AA0-DEF9-49C7-ACC3-B46BC85DD15A}.Debug|x86.ActiveCfg = Debug|x86
		{8BCC6AA0-DEF9-49C7-ACC3-B46BC85DD15A}.Debug|x86.Build.0 = Debug|x86
		{8BCC6AA0-DEF9-49C7-ACC3-B46BC85DD15A}.Release|Any CPU.ActiveCfg = Release|Any CPU
		{8BCC6AA0-DEF9-49C7-ACC3-B46BC85DD15A}.Release|Any CPU.Build.0 = Release|Any CPU
		{8BCC6AA0-DEF9-49C7-ACC3-B46BC85DD15A}.Release|x64.ActiveCfg = Release|x64
		{8BCC6AA0-DEF9-49C7-ACC3-B46BC85DD15A}.Release|x64.Build.0 = Release|x64
		{8BCC6AA0-DEF9-49C7-ACC3-B46BC85DD15A}.Release|x86.ActiveCfg = Release|x86
		{8BCC6AA0-DEF9-49C7-ACC3-B46BC85DD15A}.Release|x86.Build.0 = Release|x86
		{C4CDC016-791A-49CC-BFC2-A8744821BF13}.Debug|Any CPU.ActiveCfg = Debug|Any CPU
		{C4CDC016-791A-49CC-BFC2-A8744821BF13}.Debug|Any CPU.Build.0 = Debug|Any CPU
		{C4CDC016-791A-49CC-BFC2-A8744821BF13}.Debug|x64.ActiveCfg = Debug|x64
		{C4CDC016-791A-49CC-BFC2-A8744821BF13}.Debug|x64.Build.0 = Debug|x64
		{C4CDC016-791A-49CC-BFC2-A8744821BF13}.Debug|x86.ActiveCfg = Debug|x86
		{C4CDC016-791A-49CC-BFC2-A8744821BF13}.Debug|x86.Build.0 = Debug|x86
		{C4CDC016-791A-49CC-BFC2-A8744821BF13}.Release|Any CPU.ActiveCfg = Release|Any CPU
		{C4CDC016-791A-49CC-BFC2-A8744821BF13}.Release|Any CPU.Build.0 = Release|Any CPU
		{C4CDC016-791A-49CC-BFC2-A8744821BF13}.Release|x64.ActiveCfg = Release|x64
		{C4CDC016-791A-49CC-BFC2-A8744821BF13}.Release|x64.Build.0 = Release|x64
		{C4CDC016-791A-49CC-BFC2-A8744821BF13}.Release|x86.ActiveCfg = Release|x86
		{C4CDC016-791A-49CC-BFC2-A8744821BF13}.Release|x86.Build.0 = Release|x86
		{7718E8E1-F902-4A04-AE79-9DD052C9F0A6}.Debug|Any CPU.ActiveCfg = Debug|Any CPU
		{7718E8E1-F902-4A04-AE79-9DD052C9F0A6}.Debug|Any CPU.Build.0 = Debug|Any CPU
		{7718E8E1-F902-4A04-AE79-9DD052C9F0A6}.Debug|x64.ActiveCfg = Debug|x64
		{7718E8E1-F902-4A04-AE79-9DD052C9F0A6}.Debug|x64.Build.0 = Debug|x64
		{7718E8E1-F902-4A04-AE79-9DD052C9F0A6}.Debug|x86.ActiveCfg = Debug|x86
		{7718E8E1-F902-4A04-AE79-9DD052C9F0A6}.Debug|x86.Build.0 = Debug|x86
		{7718E8E1-F902-4A04-AE79-9DD052C9F0A6}.Release|Any CPU.ActiveCfg = Release|Any CPU
		{7718E8E1-F902-4A04-AE79-9DD052C9F0A6}.Release|Any CPU.Build.0 = Release|Any CPU
		{7718E8E1-F902-4A04-AE79-9DD052C9F0A6}.Release|x64.ActiveCfg = Release|x64
		{7718E8E1-F902-4A04-AE79-9DD052C9F0A6}.Release|x64.Build.0 = Release|x64
		{7718E8E1-F902-4A04-AE79-9DD052C9F0A6}.Release|x86.ActiveCfg = Release|x86
		{7718E8E1-F902-4A04-AE79-9DD052C9F0A6}.Release|x86.Build.0 = Release|x86
		{0D39AA0A-2729-4570-9B4C-0B60D9854AFA}.Debug|Any CPU.ActiveCfg = Debug|Any CPU
		{0D39AA0A-2729-4570-9B4C-0B60D9854AFA}.Debug|Any CPU.Build.0 = Debug|Any CPU
		{0D39AA0A-2729-4570-9B4C-0B60D9854AFA}.Debug|x64.ActiveCfg = Debug|x64
		{0D39AA0A-2729-4570-9B4C-0B60D9854AFA}.Debug|x64.Build.0 = Debug|x64
		{0D39AA0A-2729-4570-9B4C-0B60D9854AFA}.Debug|x86.ActiveCfg = Debug|x86
		{0D39AA0A-2729-4570-9B4C-0B60D9854AFA}.Debug|x86.Build.0 = Debug|x86
		{0D39AA0A-2729-4570-9B4C-0B60D9854AFA}.Release|Any CPU.ActiveCfg = Release|Any CPU
		{0D39AA0A-2729-4570-9B4C-0B60D9854AFA}.Release|Any CPU.Build.0 = Release|Any CPU
		{0D39AA0A-2729-4570-9B4C-0B60D9854AFA}.Release|x64.ActiveCfg = Release|x64
		{0D39AA0A-2729-4570-9B4C-0B60D9854AFA}.Release|x64.Build.0 = Release|x64
		{0D39AA0A-2729-4570-9B4C-0B60D9854AFA}.Release|x86.ActiveCfg = Release|x86
		{0D39AA0A-2729-4570-9B4C-0B60D9854AFA}.Release|x86.Build.0 = Release|x86
		{FCBBF9BC-204D-4DBB-B9EF-5ADA9399479A}.Debug|Any CPU.ActiveCfg = Debug|Any CPU
		{FCBBF9BC-204D-4DBB-B9EF-5ADA9399479A}.Debug|Any CPU.Build.0 = Debug|Any CPU
		{FCBBF9BC-204D-4DBB-B9EF-5ADA9399479A}.Debug|x64.ActiveCfg = Debug|Any CPU
		{FCBBF9BC-204D-4DBB-B9EF-5ADA9399479A}.Debug|x64.Build.0 = Debug|Any CPU
		{FCBBF9BC-204D-4DBB-B9EF-5ADA9399479A}.Debug|x86.ActiveCfg = Debug|x86
		{FCBBF9BC-204D-4DBB-B9EF-5ADA9399479A}.Debug|x86.Build.0 = Debug|x86
		{FCBBF9BC-204D-4DBB-B9EF-5ADA9399479A}.Release|Any CPU.ActiveCfg = Release|Any CPU
		{FCBBF9BC-204D-4DBB-B9EF-5ADA9399479A}.Release|Any CPU.Build.0 = Release|Any CPU
		{FCBBF9BC-204D-4DBB-B9EF-5ADA9399479A}.Release|x64.ActiveCfg = Release|Any CPU
		{FCBBF9BC-204D-4DBB-B9EF-5ADA9399479A}.Release|x64.Build.0 = Release|Any CPU
		{FCBBF9BC-204D-4DBB-B9EF-5ADA9399479A}.Release|x86.ActiveCfg = Release|Any CPU
		{FCBBF9BC-204D-4DBB-B9EF-5ADA9399479A}.Release|x86.Build.0 = Release|Any CPU
		{53093AE1-9EC0-4811-BBD2-125A51BF852A}.Debug|Any CPU.ActiveCfg = Debug|Any CPU
		{53093AE1-9EC0-4811-BBD2-125A51BF852A}.Debug|Any CPU.Build.0 = Debug|Any CPU
		{53093AE1-9EC0-4811-BBD2-125A51BF852A}.Debug|x64.ActiveCfg = Debug|Any CPU
		{53093AE1-9EC0-4811-BBD2-125A51BF852A}.Debug|x64.Build.0 = Debug|Any CPU
		{53093AE1-9EC0-4811-BBD2-125A51BF852A}.Debug|x86.ActiveCfg = Debug|x86
		{53093AE1-9EC0-4811-BBD2-125A51BF852A}.Debug|x86.Build.0 = Debug|x86
		{53093AE1-9EC0-4811-BBD2-125A51BF852A}.Release|Any CPU.ActiveCfg = Release|Any CPU
		{53093AE1-9EC0-4811-BBD2-125A51BF852A}.Release|Any CPU.Build.0 = Release|Any CPU
		{53093AE1-9EC0-4811-BBD2-125A51BF852A}.Release|x64.ActiveCfg = Release|Any CPU
		{53093AE1-9EC0-4811-BBD2-125A51BF852A}.Release|x64.Build.0 = Release|Any CPU
		{53093AE1-9EC0-4811-BBD2-125A51BF852A}.Release|x86.ActiveCfg = Release|Any CPU
		{53093AE1-9EC0-4811-BBD2-125A51BF852A}.Release|x86.Build.0 = Release|Any CPU
		{5817D246-5F8E-4C71-BC26-1853CFE44F49}.Debug|Any CPU.ActiveCfg = Debug|Any CPU
		{5817D246-5F8E-4C71-BC26-1853CFE44F49}.Debug|Any CPU.Build.0 = Debug|Any CPU
		{5817D246-5F8E-4C71-BC26-1853CFE44F49}.Debug|x64.ActiveCfg = Debug|Any CPU
		{5817D246-5F8E-4C71-BC26-1853CFE44F49}.Debug|x64.Build.0 = Debug|Any CPU
		{5817D246-5F8E-4C71-BC26-1853CFE44F49}.Debug|x86.ActiveCfg = Debug|x86
		{5817D246-5F8E-4C71-BC26-1853CFE44F49}.Debug|x86.Build.0 = Debug|x86
		{5817D246-5F8E-4C71-BC26-1853CFE44F49}.Release|Any CPU.ActiveCfg = Release|Any CPU
		{5817D246-5F8E-4C71-BC26-1853CFE44F49}.Release|Any CPU.Build.0 = Release|Any CPU
		{5817D246-5F8E-4C71-BC26-1853CFE44F49}.Release|x64.ActiveCfg = Release|Any CPU
		{5817D246-5F8E-4C71-BC26-1853CFE44F49}.Release|x64.Build.0 = Release|Any CPU
		{5817D246-5F8E-4C71-BC26-1853CFE44F49}.Release|x86.ActiveCfg = Release|Any CPU
		{5817D246-5F8E-4C71-BC26-1853CFE44F49}.Release|x86.Build.0 = Release|Any CPU
	EndGlobalSection
	GlobalSection(SolutionProperties) = preSolution
		HideSolutionNode = FALSE
	EndGlobalSection
	GlobalSection(ExtensibilityGlobals) = postSolution
		SolutionGuid = {EDB34EE0-2C19-43F9-920D-FE9CCB4A55D6}
	EndGlobalSection
EndGlobal
